<?xml version="1.0" encoding="utf-8"?>
<Project ToolsVersion="4.0" xmlns="http://schemas.microsoft.com/developer/msbuild/2003">
  <ItemGroup>
    <Filter Include="Source Files">
      <UniqueIdentifier>{4FC737F1-C7A5-4376-A066-2A32D752A2FF}</UniqueIdentifier>
      <Extensions>cpp;c;cxx;def;odl;idl;hpj;bat;asm;asmx</Extensions>
    </Filter>
    <Filter Include="Header Files">
      <UniqueIdentifier>{93995380-89BD-4b04-88EB-625FBE52EBFB}</UniqueIdentifier>
      <Extensions>h;hpp;hxx;hm;inl;inc;xsd</Extensions>
    </Filter>
    <Filter Include="Dependencies">
      <UniqueIdentifier>{05f9a928-b00c-4a46-9132-f56687c2a096}</UniqueIdentifier>
    </Filter>
    <Filter Include="Dependencies\libtheora">
      <UniqueIdentifier>{1e85dea3-3cb5-4928-884a-2734d5836548}</UniqueIdentifier>
    </Filter>
    <Filter Include="Dependencies\libogg">
      <UniqueIdentifier>{18e8fecd-1c7d-402e-992c-53354399a0b8}</UniqueIdentifier>
    </Filter>
  </ItemGroup>
  <ItemGroup>
    <ClCompile Include="dependencies\RSDKv5\RSDKv5\main.cpp">
      <Filter>Source Files</Filter>
    </ClCompile>
    <ClCompile Include="dependencies\RSDKv5\RSDKv5\RSDK\Audio\Audio.cpp">
      <Filter>Source Files</Filter>
    </ClCompile>
    <ClCompile Include="dependencies\RSDKv5\RSDKv5\RSDK\Core\Link.cpp">
      <Filter>Source Files</Filter>
    </ClCompile>
    <ClCompile Include="dependencies\RSDKv5\RSDKv5\RSDK\Core\Math.cpp">
      <Filter>Source Files</Filter>
    </ClCompile>
    <ClCompile Include="dependencies\RSDKv5\RSDKv5\RSDK\Core\ModAPI.cpp">
      <Filter>Source Files</Filter>
    </ClCompile>
    <ClCompile Include="dependencies\RSDKv5\RSDKv5\RSDK\Core\Reader.cpp">
      <Filter>Source Files</Filter>
    </ClCompile>
    <ClCompile Include="dependencies\RSDKv5\RSDKv5\RSDK\Core\RetroEngine.cpp">
      <Filter>Source Files</Filter>
    </ClCompile>
    <ClCompile Include="dependencies\RSDKv5\RSDKv5\RSDK\Dev\Debug.cpp">
      <Filter>Source Files</Filter>
    </ClCompile>
    <ClCompile Include="dependencies\RSDKv5\RSDKv5\RSDK\Graphics\Animation.cpp">
      <Filter>Source Files</Filter>
    </ClCompile>
    <ClCompile Include="dependencies\RSDKv5\RSDKv5\RSDK\Graphics\Drawing.cpp">
      <Filter>Source Files</Filter>
    </ClCompile>
    <ClCompile Include="dependencies\RSDKv5\RSDKv5\RSDK\Graphics\Palette.cpp">
      <Filter>Source Files</Filter>
    </ClCompile>
    <ClCompile Include="dependencies\RSDKv5\RSDKv5\RSDK\Graphics\Scene3D.cpp">
      <Filter>Source Files</Filter>
    </ClCompile>
    <ClCompile Include="dependencies\RSDKv5\RSDKv5\RSDK\Graphics\Sprite.cpp">
      <Filter>Source Files</Filter>
    </ClCompile>
    <ClCompile Include="dependencies\RSDKv5\RSDKv5\RSDK\Graphics\Video.cpp">
      <Filter>Source Files</Filter>
    </ClCompile>
    <ClCompile Include="dependencies\RSDKv5\RSDKv5\RSDK\Input\Input.cpp">
      <Filter>Source Files</Filter>
    </ClCompile>
    <ClCompile Include="dependencies\RSDKv5\RSDKv5\RSDK\Scene\Collision.cpp">
      <Filter>Source Files</Filter>
    </ClCompile>
    <ClCompile Include="dependencies\RSDKv5\RSDKv5\RSDK\Scene\Object.cpp">
      <Filter>Source Files</Filter>
    </ClCompile>
    <ClCompile Include="dependencies\RSDKv5\RSDKv5\RSDK\Scene\Scene.cpp">
      <Filter>Source Files</Filter>
    </ClCompile>
    <ClCompile Include="dependencies\RSDKv5\RSDKv5\RSDK\Scene\Objects\DefaultObject.cpp">
      <Filter>Source Files</Filter>
    </ClCompile>
    <ClCompile Include="dependencies\RSDKv5\RSDKv5\RSDK\Scene\Objects\DevOutput.cpp">
      <Filter>Source Files</Filter>
    </ClCompile>
    <ClCompile Include="dependencies\RSDKv5\RSDKv5\RSDK\Storage\Storage.cpp">
      <Filter>Source Files</Filter>
    </ClCompile>
    <ClCompile Include="dependencies\RSDKv5\RSDKv5\RSDK\Storage\Text.cpp">
      <Filter>Source Files</Filter>
    </ClCompile>
    <ClCompile Include="dependencies\RSDKv5\RSDKv5\RSDK\User\Core\UserAchievements.cpp">
      <Filter>Source Files</Filter>
    </ClCompile>
    <ClCompile Include="dependencies\RSDKv5\RSDKv5\RSDK\User\Core\UserCore.cpp">
      <Filter>Source Files</Filter>
    </ClCompile>
    <ClCompile Include="dependencies\RSDKv5\RSDKv5\RSDK\User\Core\UserLeaderboards.cpp">
      <Filter>Source Files</Filter>
    </ClCompile>
    <ClCompile Include="dependencies\RSDKv5\RSDKv5\RSDK\User\Core\UserPresence.cpp">
      <Filter>Source Files</Filter>
    </ClCompile>
    <ClCompile Include="dependencies\RSDKv5\RSDKv5\RSDK\User\Core\UserStats.cpp">
      <Filter>Source Files</Filter>
    </ClCompile>
    <ClCompile Include="dependencies\RSDKv5\RSDKv5\RSDK\User\Core\UserStorage.cpp">
      <Filter>Source Files</Filter>
    </ClCompile>
    <ClCompile Include="dependencies\RSDKv5\RSDKv5\RSDK\User\Dummy\DummyAchievements.cpp">
      <Filter>Source Files</Filter>
    </ClCompile>
    <ClCompile Include="dependencies\RSDKv5\RSDKv5\RSDK\User\Dummy\DummyCore.cpp">
      <Filter>Source Files</Filter>
    </ClCompile>
    <ClCompile Include="dependencies\RSDKv5\RSDKv5\RSDK\User\Dummy\DummyLeaderboards.cpp">
      <Filter>Source Files</Filter>
    </ClCompile>
    <ClCompile Include="dependencies\RSDKv5\RSDKv5\RSDK\User\Dummy\DummyPresence.cpp">
      <Filter>Source Files</Filter>
    </ClCompile>
    <ClCompile Include="dependencies\RSDKv5\RSDKv5\RSDK\User\Dummy\DummyStats.cpp">
      <Filter>Source Files</Filter>
    </ClCompile>
    <ClCompile Include="dependencies\RSDKv5\RSDKv5\RSDK\User\Dummy\DummyStorage.cpp">
      <Filter>Source Files</Filter>
    </ClCompile>
    <ClCompile Include="SonicMania\Game.c">
      <Filter>Source Files</Filter>
    </ClCompile>
    <ClCompile Include="SonicMania\Objects\All.c">
      <Filter>Source Files</Filter>
    </ClCompile>
    <ClCompile Include="dependencies\RSDKv5\dependencies\all\iniparser\dictionary.cpp">
      <Filter>Source Files</Filter>
    </ClCompile>
    <ClCompile Include="dependencies\RSDKv5\dependencies\all\iniparser\iniparser.cpp">
      <Filter>Source Files</Filter>
    </ClCompile>
    <ClCompile Include="dependencies\RSDKv5\dependencies\all\miniz\miniz.c">
      <Filter>Source Files</Filter>
    </ClCompile>
    <ClCompile Include="dependencies\RSDKv5\dependencies\all\tinyxml2\tinyxml2.cpp">
      <Filter>Source Files</Filter>
    </ClCompile>
    <ClCompile Include="dependencies\RSDKv5\dependencies\xbox360\libtheora\lib\analyze.c">
      <Filter>Dependencies\libtheora</Filter>
    </ClCompile>
    <ClCompile Include="dependencies\RSDKv5\dependencies\xbox360\libtheora\lib\apiwrapper.c">
      <Filter>Dependencies\libtheora</Filter>
    </ClCompile>
    <ClCompile Include="dependencies\RSDKv5\dependencies\xbox360\libtheora\lib\bitpack.c">
      <Filter>Dependencies\libtheora</Filter>
    </ClCompile>
    <ClCompile Include="dependencies\RSDKv5\dependencies\xbox360\libtheora\lib\decapiwrapper.c">
      <Filter>Dependencies\libtheora</Filter>
    </ClCompile>
    <ClCompile Include="dependencies\RSDKv5\dependencies\xbox360\libtheora\lib\decinfo.c">
      <Filter>Dependencies\libtheora</Filter>
    </ClCompile>
    <ClCompile Include="dependencies\RSDKv5\dependencies\xbox360\libtheora\lib\decode.c">
      <Filter>Dependencies\libtheora</Filter>
    </ClCompile>
    <ClCompile Include="dependencies\RSDKv5\dependencies\xbox360\libtheora\lib\dequant.c">
      <Filter>Dependencies\libtheora</Filter>
    </ClCompile>
    <ClCompile Include="dependencies\RSDKv5\dependencies\xbox360\libtheora\lib\encapiwrapper.c">
      <Filter>Dependencies\libtheora</Filter>
    </ClCompile>
    <ClCompile Include="dependencies\RSDKv5\dependencies\xbox360\libtheora\lib\encfrag.c">
      <Filter>Dependencies\libtheora</Filter>
    </ClCompile>
    <ClCompile Include="dependencies\RSDKv5\dependencies\xbox360\libtheora\lib\encinfo.c">
      <Filter>Dependencies\libtheora</Filter>
    </ClCompile>
    <ClCompile Include="dependencies\RSDKv5\dependencies\xbox360\libtheora\lib\encode.c">
      <Filter>Dependencies\libtheora</Filter>
    </ClCompile>
    <ClCompile Include="dependencies\RSDKv5\dependencies\xbox360\libtheora\lib\enquant.c">
      <Filter>Dependencies\libtheora</Filter>
    </ClCompile>
    <ClCompile Include="dependencies\RSDKv5\dependencies\xbox360\libtheora\lib\fdct.c">
      <Filter>Dependencies\libtheora</Filter>
    </ClCompile>
    <ClCompile Include="dependencies\RSDKv5\dependencies\xbox360\libtheora\lib\fragment.c">
      <Filter>Dependencies\libtheora</Filter>
    </ClCompile>
    <ClCompile Include="dependencies\RSDKv5\dependencies\xbox360\libtheora\lib\huffdec.c">
      <Filter>Dependencies\libtheora</Filter>
    </ClCompile>
    <ClCompile Include="dependencies\RSDKv5\dependencies\xbox360\libtheora\lib\huffenc.c">
      <Filter>Dependencies\libtheora</Filter>
    </ClCompile>
    <ClCompile Include="dependencies\RSDKv5\dependencies\xbox360\libtheora\lib\idct.c">
      <Filter>Dependencies\libtheora</Filter>
    </ClCompile>
    <ClCompile Include="dependencies\RSDKv5\dependencies\xbox360\libtheora\lib\info.c">
      <Filter>Dependencies\libtheora</Filter>
    </ClCompile>
    <ClCompile Include="dependencies\RSDKv5\dependencies\xbox360\libtheora\lib\internal.c">
      <Filter>Dependencies\libtheora</Filter>
    </ClCompile>
    <ClCompile Include="dependencies\RSDKv5\dependencies\xbox360\libtheora\lib\mathops.c">
      <Filter>Dependencies\libtheora</Filter>
    </ClCompile>
    <ClCompile Include="dependencies\RSDKv5\dependencies\xbox360\libtheora\lib\mcenc.c">
      <Filter>Dependencies\libtheora</Filter>
    </ClCompile>
    <ClCompile Include="dependencies\RSDKv5\dependencies\xbox360\libtheora\lib\quant.c">
      <Filter>Dependencies\libtheora</Filter>
    </ClCompile>
    <ClCompile Include="dependencies\RSDKv5\dependencies\xbox360\libtheora\lib\rate.c">
      <Filter>Dependencies\libtheora</Filter>
    </ClCompile>
    <ClCompile Include="dependencies\RSDKv5\dependencies\xbox360\libtheora\lib\state.c">
      <Filter>Dependencies\libtheora</Filter>
    </ClCompile>
    <ClCompile Include="dependencies\RSDKv5\dependencies\xbox360\libtheora\lib\tokenize.c">
      <Filter>Dependencies\libtheora</Filter>
    </ClCompile>
    <ClCompile Include="dependencies\RSDKv5\dependencies\xbox360\libogg\src\bitwise.c">
      <Filter>Dependencies\libogg</Filter>
    </ClCompile>
    <ClCompile Include="dependencies\RSDKv5\dependencies\xbox360\libogg\src\framing.c">
      <Filter>Dependencies\libogg</Filter>
    </ClCompile>
  </ItemGroup>
  <ItemGroup>
    <ClInclude Include="dependencies\RSDKv5\RSDKv5\main.hpp">
      <Filter>Header Files</Filter>
    </ClInclude>
    <ClInclude Include="dependencies\RSDKv5\RSDKv5\RSDK\Graphics\Animation.hpp">
      <Filter>Header Files</Filter>
    </ClInclude>
    <ClInclude Include="dependencies\RSDKv5\RSDKv5\RSDK\Graphics\Drawing.hpp">
      <Filter>Header Files</Filter>
    </ClInclude>
    <ClInclude Include="dependencies\RSDKv5\RSDKv5\RSDK\Graphics\Palette.hpp">
      <Filter>Header Files</Filter>
    </ClInclude>
    <ClInclude Include="dependencies\RSDKv5\RSDKv5\RSDK\Graphics\Scene3D.hpp">
      <Filter>Header Files</Filter>
    </ClInclude>
    <ClInclude Include="dependencies\RSDKv5\RSDKv5\RSDK\Graphics\Sprite.hpp">
      <Filter>Header Files</Filter>
    </ClInclude>
    <ClInclude Include="dependencies\RSDKv5\RSDKv5\RSDK\Graphics\Video.hpp">
      <Filter>Header Files</Filter>
    </ClInclude>
    <ClInclude Include="dependencies\RSDKv5\RSDKv5\RSDK\Input\Input.hpp">
      <Filter>Header Files</Filter>
    </ClInclude>
    <ClInclude Include="dependencies\RSDKv5\RSDKv5\RSDK\Scene\Collision.hpp">
      <Filter>Header Files</Filter>
    </ClInclude>
    <ClInclude Include="dependencies\RSDKv5\RSDKv5\RSDK\Scene\Object.hpp">
      <Filter>Header Files</Filter>
    </ClInclude>
    <ClInclude Include="dependencies\RSDKv5\RSDKv5\RSDK\Scene\Scene.hpp">
      <Filter>Header Files</Filter>
    </ClInclude>
    <ClInclude Include="dependencies\RSDKv5\RSDKv5\RSDK\Scene\Objects\DefaultObject.hpp">
      <Filter>Header Files</Filter>
    </ClInclude>
    <ClInclude Include="dependencies\RSDKv5\RSDKv5\RSDK\Scene\Objects\DevOutput.hpp">
      <Filter>Header Files</Filter>
    </ClInclude>
    <ClInclude Include="dependencies\RSDKv5\RSDKv5\RSDK\Storage\Storage.hpp">
      <Filter>Header Files</Filter>
    </ClInclude>
    <ClInclude Include="dependencies\RSDKv5\RSDKv5\RSDK\Storage\Text.hpp">
      <Filter>Header Files</Filter>
    </ClInclude>
    <ClInclude Include="dependencies\RSDKv5\RSDKv5\RSDK\User\Core\UserAchievements.hpp">
      <Filter>Header Files</Filter>
    </ClInclude>
    <ClInclude Include="dependencies\RSDKv5\RSDKv5\RSDK\User\Core\UserCore.hpp">
      <Filter>Header Files</Filter>
    </ClInclude>
    <ClInclude Include="dependencies\RSDKv5\RSDKv5\RSDK\User\Core\UserLeaderboards.hpp">
      <Filter>Header Files</Filter>
    </ClInclude>
    <ClInclude Include="dependencies\RSDKv5\RSDKv5\RSDK\User\Core\UserPresence.hpp">
      <Filter>Header Files</Filter>
    </ClInclude>
    <ClInclude Include="dependencies\RSDKv5\RSDKv5\RSDK\User\Core\UserStats.hpp">
      <Filter>Header Files</Filter>
    </ClInclude>
    <ClInclude Include="dependencies\RSDKv5\RSDKv5\RSDK\User\Core\UserStorage.hpp">
      <Filter>Header Files</Filter>
    </ClInclude>
    <ClInclude Include="dependencies\RSDKv5\RSDKv5\RSDK\User\Dummy\DummyAchievements.hpp">
      <Filter>Header Files</Filter>
    </ClInclude>
    <ClInclude Include="dependencies\RSDKv5\RSDKv5\RSDK\User\Dummy\DummyCore.hpp">
      <Filter>Header Files</Filter>
    </ClInclude>
    <ClInclude Include="dependencies\RSDKv5\RSDKv5\RSDK\User\Dummy\DummyLeaderboards.hpp">
      <Filter>Header Files</Filter>
    </ClInclude>
    <ClInclude Include="dependencies\RSDKv5\RSDKv5\RSDK\User\Dummy\DummyPresence.hpp">
      <Filter>Header Files</Filter>
    </ClInclude>
    <ClInclude Include="dependencies\RSDKv5\RSDKv5\RSDK\User\Dummy\DummyStats.hpp">
      <Filter>Header Files</Filter>
    </ClInclude>
    <ClInclude Include="dependencies\RSDKv5\RSDKv5\RSDK\User\Dummy\DummyStorage.hpp">
      <Filter>Header Files</Filter>
    </ClInclude>
    <ClInclude Include="dependencies\RSDKv5\RSDKv5\RSDK\Audio\Audio.hpp">
      <Filter>Header Files</Filter>
    </ClInclude>
    <ClInclude Include="dependencies\RSDKv5\RSDKv5\RSDK\Core\Link.hpp">
      <Filter>Header Files</Filter>
    </ClInclude>
    <ClInclude Include="dependencies\RSDKv5\RSDKv5\RSDK\Core\Math.hpp">
      <Filter>Header Files</Filter>
    </ClInclude>
    <ClInclude Include="dependencies\RSDKv5\RSDKv5\RSDK\Core\ModAPI.hpp">
      <Filter>Header Files</Filter>
    </ClInclude>
    <ClInclude Include="dependencies\RSDKv5\RSDKv5\RSDK\Core\Reader.hpp">
      <Filter>Header Files</Filter>
    </ClInclude>
    <ClInclude Include="dependencies\RSDKv5\RSDKv5\RSDK\Core\RetroEngine.hpp">
      <Filter>Header Files</Filter>
    </ClInclude>
    <ClInclude Include="dependencies\RSDKv5\RSDKv5\RSDK\Dev\Debug.hpp">
      <Filter>Header Files</Filter>
    </ClInclude>
    <ClInclude Include="dependencies\RSDKv5\RSDKv5\RSDK\Dev\DevFont.hpp">
      <Filter>Header Files</Filter>
    </ClInclude>
    <ClInclude Include="dependencies\RSDKv5\dependencies\all\iniparser\dictionary.h">
      <Filter>Header Files</Filter>
    </ClInclude>
    <ClInclude Include="dependencies\RSDKv5\dependencies\all\iniparser\iniparser.h">
      <Filter>Header Files</Filter>
    </ClInclude>
    <ClInclude Include="dependencies\RSDKv5\dependencies\all\miniz\miniz.h">
      <Filter>Header Files</Filter>
    </ClInclude>
    <ClInclude Include="dependencies\RSDKv5\dependencies\all\tinyxml2\tinyxml2.h">
      <Filter>Header Files</Filter>
    </ClInclude>
    <ClInclude Include="SonicMania\Game.h">
      <Filter>Header Files</Filter>
    </ClInclude>
    <ClInclude Include="SonicMania\GameLink.h">
      <Filter>Header Files</Filter>
    </ClInclude>
    <ClInclude Include="SonicMania\GameObjects.h">
      <Filter>Header Files</Filter>
    </ClInclude>
    <ClInclude Include="SonicMania\GameVariables.h">
      <Filter>Header Files</Filter>
    </ClInclude>
    <ClInclude Include="dependencies\RSDKv5\dependencies\xbox360\libtheora\lib\apiwrapper.h">
      <Filter>Dependencies\libtheora</Filter>
    </ClInclude>
    <ClInclude Include="dependencies\RSDKv5\dependencies\xbox360\libtheora\lib\bitpack.h">
      <Filter>Dependencies\libtheora</Filter>
    </ClInclude>
    <ClInclude Include="dependencies\RSDKv5\dependencies\xbox360\libtheora\lib\dct.h">
      <Filter>Dependencies\libtheora</Filter>
    </ClInclude>
    <ClInclude Include="dependencies\RSDKv5\dependencies\xbox360\libtheora\lib\decint.h">
      <Filter>Dependencies\libtheora</Filter>
    </ClInclude>
    <ClInclude Include="dependencies\RSDKv5\dependencies\xbox360\libtheora\lib\dequant.h">
      <Filter>Dependencies\libtheora</Filter>
    </ClInclude>
    <ClInclude Include="dependencies\RSDKv5\dependencies\xbox360\libtheora\lib\encint.h">
      <Filter>Dependencies\libtheora</Filter>
    </ClInclude>
    <ClInclude Include="dependencies\RSDKv5\dependencies\xbox360\libtheora\lib\enquant.h">
      <Filter>Dependencies\libtheora</Filter>
    </ClInclude>
    <ClInclude Include="dependencies\RSDKv5\dependencies\xbox360\libtheora\lib\huffdec.h">
      <Filter>Dependencies\libtheora</Filter>
    </ClInclude>
    <ClInclude Include="dependencies\RSDKv5\dependencies\xbox360\libtheora\lib\huffenc.h">
      <Filter>Dependencies\libtheora</Filter>
    </ClInclude>
    <ClInclude Include="dependencies\RSDKv5\dependencies\xbox360\libtheora\lib\huffman.h">
      <Filter>Dependencies\libtheora</Filter>
    </ClInclude>
    <ClInclude Include="dependencies\RSDKv5\dependencies\xbox360\libtheora\lib\internal.h">
      <Filter>Dependencies\libtheora</Filter>
    </ClInclude>
    <ClInclude Include="dependencies\RSDKv5\dependencies\xbox360\libtheora\lib\mathops.h">
      <Filter>Dependencies\libtheora</Filter>
    </ClInclude>
    <ClInclude Include="dependencies\RSDKv5\dependencies\xbox360\libtheora\lib\modedec.h">
      <Filter>Dependencies\libtheora</Filter>
    </ClInclude>
    <ClInclude Include="dependencies\RSDKv5\dependencies\xbox360\libtheora\lib\ocintrin.h">
      <Filter>Dependencies\libtheora</Filter>
    </ClInclude>
    <ClInclude Include="dependencies\RSDKv5\dependencies\xbox360\libtheora\lib\quant.h">
      <Filter>Dependencies\libtheora</Filter>
    </ClInclude>
    <ClInclude Include="dependencies\RSDKv5\dependencies\xbox360\libtheora\lib\state.h">
      <Filter>Dependencies\libtheora</Filter>
    </ClInclude>
    <ClInclude Include="dependencies\RSDKv5\dependencies\xbox360\libtheora\include\theora\codec.h">
      <Filter>Dependencies\libtheora</Filter>
    </ClInclude>
    <ClInclude Include="dependencies\RSDKv5\dependencies\xbox360\libtheora\include\theora\theora.h">
      <Filter>Dependencies\libtheora</Filter>
    </ClInclude>
    <ClInclude Include="dependencies\RSDKv5\dependencies\xbox360\libtheora\include\theora\theoradec.h">
      <Filter>Dependencies\libtheora</Filter>
    </ClInclude>
    <ClInclude Include="dependencies\RSDKv5\dependencies\xbox360\libogg\include\ogg\ogg.h">
      <Filter>Dependencies\libogg</Filter>
    </ClInclude>
    <ClInclude Include="dependencies\RSDKv5\dependencies\xbox360\libogg\include\ogg\os_types.h">
      <Filter>Dependencies\libogg</Filter>
    </ClInclude>
    <ClInclude Include="dependencies\RSDKv5\dependencies\xbox360\libogg\src\crctable.h">
      <Filter>Dependencies\libogg</Filter>
    </ClInclude>
  </ItemGroup>
</Project>